PODS:
  - AZDateBuilder (0.1)
  - Kiwi/ARC (2.2.3)
  - Kiwi/NonARC (2.2.3)
  - Kiwi/XCTest (2.2.3):
    - Kiwi/ARC
    - Kiwi/NonARC

DEPENDENCIES:
  - AZDateBuilder
  - Kiwi/XCTest

SPEC CHECKSUMS:
  AZDateBuilder: aa442a142b170612c2ef36ea2aa44199345748a5
  Kiwi: 04c51e880831d291748ec702d42c4101f7eb95c9

COCOAPODS: 0.29.0
